
Microsoft Visual Studio Solution File, Format Version 12.00
# Visual Studio Version 17
VisualStudioVersion = 17.8.34330.188
MinimumVisualStudioVersion = 10.0.40219.1
Project("{FAE04EC0-301F-11D3-BF4B-00C04F79EFBC}") = "WebApplication2", "WebApplication2\WebApplication2.csproj", "{C32E692E-B670-43A2-ADAB-437BE50310A0}"
EndProject
Global
	GlobalSection(SolutionConfigurationPlatforms) = preSolution
		Debug|Any CPU = Debug|Any CPU
		Release|Any CPU = Release|Any CPU
	EndGlobalSection
	GlobalSection(ProjectConfigurationPlatforms) = postSolution
		{C32E692E-B670-43A2-ADAB-437BE50310A0}.Debug|Any CPU.ActiveCfg = Debug|Any CPU
		{C32E692E-B670-43A2-ADAB-437BE50310A0}.Debug|Any CPU.Build.0 = Debug|Any CPU
		{C32E692E-B670-43A2-ADAB-437BE50310A0}.Release|Any CPU.ActiveCfg = Release|Any CPU
		{C32E692E-B670-43A2-ADAB-437BE50310A0}.Release|Any CPU.Build.0 = Release|Any CPU
	EndGlobalSection
	GlobalSection(SolutionProperties) = preSolution
		HideSolutionNode = FALSE
	EndGlobalSection
	GlobalSection(ExtensibilityGlobals) = postSolution
		SolutionGuid = {4CF7F499-7E66-4278-94DC-34FA8DFB7853}
	EndGlobalSection
EndGlobal
